[[package]]
category = "main"
description = "Screen-scraping library"
name = "beautifulsoup4"
optional = false
python-versions = "*"
version = "4.9.3"

[package.dependencies]
[package.dependencies.soupsieve]
python = ">=3.0"
version = ">1.2"

[package.extras]
html5lib = ["html5lib"]
lxml = ["lxml"]

[[package]]
category = "main"
description = "Dummy package for Beautiful Soup"
name = "bs4"
optional = false
python-versions = "*"
version = "0.0.1"

[package.dependencies]
beautifulsoup4 = "*"

[[package]]
category = "main"
description = "A CSS Cascading Style Sheets library for Python"
name = "cssutils"
optional = false
python-versions = "*"
version = "1.0.2"

[[package]]
category = "main"
description = "Generate random names"
name = "names"
optional = false
python-versions = "*"
version = "0.3.0"

[[package]]
category = "main"
description = "Wrapper package for OpenCV python bindings."
name = "opencv-python"
optional = false
python-versions = ">=3.6"
version = "4.4.0.44"

[[package]]
category = "main"
description = "A pythonic library for downloading YouTube Videos."
name = "pytube"
optional = false
python-versions = "*"
version = "9.6.0"

[[package]]
category = "main"
description = "A modern CSS selector implementation for Beautiful Soup."
marker = "python_version >= \"3.0\""
name = "soupsieve"
optional = false
python-versions = ">=3.5"
version = "2.0.1"

[[package]]
category = "main"
description = "pure python download utility"
name = "wget"
optional = false
python-versions = "*"
version = "3.2"

[metadata]
content-hash = "f18fa87832e2b818f6fbd9225fcb51903248d5c3ca671616f43ec5cc282a03eb"
python-versions = "^3.8"

[metadata.files]
beautifulsoup4 = [
    {file = "beautifulsoup4-4.9.3-py2-none-any.whl", hash = "sha256:4c98143716ef1cb40bf7f39a8e3eec8f8b009509e74904ba3a7b315431577e35"},
    {file = "beautifulsoup4-4.9.3-py3-none-any.whl", hash = "sha256:fff47e031e34ec82bf17e00da8f592fe7de69aeea38be00523c04623c04fb666"},
    {file = "beautifulsoup4-4.9.3.tar.gz", hash = "sha256:84729e322ad1d5b4d25f805bfa05b902dd96450f43842c4e99067d5e1369eb25"},
]
bs4 = [
    {file = "bs4-0.0.1.tar.gz", hash = "sha256:36ecea1fd7cc5c0c6e4a1ff075df26d50da647b75376626cc186e2212886dd3a"},
]
cssutils = [
    {file = "cssutils-1.0.2-py3-none-any.whl", hash = "sha256:c74dbe19c92f5052774eadb15136263548dd013250f1ed1027988e7fef125c8d"},
    {file = "cssutils-1.0.2.tar.gz", hash = "sha256:a2fcf06467553038e98fea9cfe36af2bf14063eb147a70958cfcaa8f5786acaf"},
]
names = [
    {file = "names-0.3.0.tar.gz", hash = "sha256:726e46254f2ed03f1ffb5d941dae3bc67c35123941c29becd02d48d0caa2a671"},
]
opencv-python = [
    {file = "opencv-python-4.4.0.44.tar.gz", hash = "sha256:e87d88a820050c0e886c9add48eac2f80ff29207a98cca25869a6868c519daa4"},
    {file = "opencv_python-4.4.0.44-cp36-cp36m-macosx_10_13_x86_64.whl", hash = "sha256:69c971fefb633cfd334ed195d58e76e87f267649f98a2394f7400b178e918936"},
    {file = "opencv_python-4.4.0.44-cp36-cp36m-manylinux2014_i686.whl", hash = "sha256:80b5b68e9c5dda29205ca112e6d5bd647b6b43cf917cfa5ce178d61675291bba"},
    {file = "opencv_python-4.4.0.44-cp36-cp36m-manylinux2014_x86_64.whl", hash = "sha256:46032d4648c74730115f8522effda8ac39bd0385f07edc7aab57b41cc7617933"},
    {file = "opencv_python-4.4.0.44-cp36-cp36m-win32.whl", hash = "sha256:98676d349fdfc17dba9f23b87e9b6a639733d35f5f0ffcccb90e76c8200568f4"},
    {file = "opencv_python-4.4.0.44-cp36-cp36m-win_amd64.whl", hash = "sha256:27d5b83edd245a12dd6b8562569ad3f23e5ffe30cef8cfcc70756dd24b55d12f"},
    {file = "opencv_python-4.4.0.44-cp37-cp37m-macosx_10_13_x86_64.whl", hash = "sha256:b2147317b00b20e8d7e01201221af2b278aed449fa436316c42bc63f653e8245"},
    {file = "opencv_python-4.4.0.44-cp37-cp37m-manylinux2014_i686.whl", hash = "sha256:db74a92ef9c2a0810e1436d586b3b15d421a39b72f06263358f15c7a609498e0"},
    {file = "opencv_python-4.4.0.44-cp37-cp37m-manylinux2014_x86_64.whl", hash = "sha256:23dade76fe0194139112eea7ecdfa02ae09924b1d8d853f17f387a356519e484"},
    {file = "opencv_python-4.4.0.44-cp37-cp37m-win32.whl", hash = "sha256:fdf017c5b93d58ad77e2690e59322fd09414705c28d69b52fad4a19985422e6c"},
    {file = "opencv_python-4.4.0.44-cp37-cp37m-win_amd64.whl", hash = "sha256:e100a4ffdeed8c4afac6a5b3f6b4481efe0ad90e0a0ae2d129478abd4bd790bc"},
    {file = "opencv_python-4.4.0.44-cp38-cp38-macosx_10_13_x86_64.whl", hash = "sha256:d838ee4562f52793b1b10876e5067cae1a6bb1c3c575091644be9b88cf45d255"},
    {file = "opencv_python-4.4.0.44-cp38-cp38-manylinux2014_i686.whl", hash = "sha256:9df617736351100879b70d914366b9f9e38aa227885f2590b48badc4a233119d"},
    {file = "opencv_python-4.4.0.44-cp38-cp38-manylinux2014_x86_64.whl", hash = "sha256:2a2a7590b99d872b193cda0592b2c1cd6561159c31b361597c0e69e8926c8d16"},
    {file = "opencv_python-4.4.0.44-cp38-cp38-win32.whl", hash = "sha256:16864152aa6ac346ef83588d6f4f5dc974d27851c034d6970fcb7b6a98bbd318"},
    {file = "opencv_python-4.4.0.44-cp38-cp38-win_amd64.whl", hash = "sha256:4c195597d5286d1cc7259aeaeb7e6c1cde07fec9bddf26523eab1b15709291aa"},
]
pytube = [
    {file = "pytube-9.6.0-py3-none-any.whl", hash = "sha256:19248f0494433ca7eb0f3103e478c64661a0d26b56921669632bc82d212f67e8"},
    {file = "pytube-9.6.0.tar.gz", hash = "sha256:e123f826344fe8ab9dec940b79e2c378340cd99a2bfba869298a1ec60262517c"},
]
soupsieve = [
    {file = "soupsieve-2.0.1-py3-none-any.whl", hash = "sha256:1634eea42ab371d3d346309b93df7870a88610f0725d47528be902a0d95ecc55"},
    {file = "soupsieve-2.0.1.tar.gz", hash = "sha256:a59dc181727e95d25f781f0eb4fd1825ff45590ec8ff49eadfd7f1a537cc0232"},
]
wget = [
    {file = "wget-3.2.zip", hash = "sha256:35e630eca2aa50ce998b9b1a127bb26b30dfee573702782aa982f875e3f16061"},
]
